// !$*UTF8*$!
{
	archiveVersion = 1;
	classes = {
	};
	objectVersion = 50;
	objects = {

/* Begin PBXBuildFile section */
		3929BB0F2170498900792372 /* FindBook.swift in Sources */ = {isa = PBXBuildFile; fileRef = 3929BB0E2170498900792372 /* FindBook.swift */; };
		3929BB1221704B9900792372 /* ShowBookModal.swift in Sources */ = {isa = PBXBuildFile; fileRef = 3929BB1121704B9900792372 /* ShowBookModal.swift */; };
		3929BB1421704BEB00792372 /* Book.swift in Sources */ = {isa = PBXBuildFile; fileRef = 3929BB1321704BEB00792372 /* Book.swift */; };
		3929BB162170511000792372 /* ConditionStars.swift in Sources */ = {isa = PBXBuildFile; fileRef = 3929BB152170511000792372 /* ConditionStars.swift */; };
		3929BB182170564900792372 /* BuyBookButton.swift in Sources */ = {isa = PBXBuildFile; fileRef = 3929BB172170564900792372 /* BuyBookButton.swift */; };
		3929BB1A2170592200792372 /* ChatToBuy.swift in Sources */ = {isa = PBXBuildFile; fileRef = 3929BB192170592200792372 /* ChatToBuy.swift */; };
		3929BB1C21705D7700792372 /* TutorialChatBubble.swift in Sources */ = {isa = PBXBuildFile; fileRef = 3929BB1B21705D7700792372 /* TutorialChatBubble.swift */; };
		39381D6F21751F740094ACB0 /* MarkAsComplete.swift in Sources */ = {isa = PBXBuildFile; fileRef = 39381D6E21751F740094ACB0 /* MarkAsComplete.swift */; };
		39381D712175296C0094ACB0 /* SellABook.swift in Sources */ = {isa = PBXBuildFile; fileRef = 39381D702175296C0094ACB0 /* SellABook.swift */; };
		3967CE20216988FC00EA5476 /* UIWindowExtension.swift in Sources */ = {isa = PBXBuildFile; fileRef = 3967CE1F216988FC00EA5476 /* UIWindowExtension.swift */; };
		397B3CE62165830A003BAF0C /* AccountButton.swift in Sources */ = {isa = PBXBuildFile; fileRef = 397B3CE52165830A003BAF0C /* AccountButton.swift */; };
		397B3CE8216587EB003BAF0C /* SignupModal.swift in Sources */ = {isa = PBXBuildFile; fileRef = 397B3CE7216587EB003BAF0C /* SignupModal.swift */; };
		397B3CEA21658FD0003BAF0C /* LoginModal.swift in Sources */ = {isa = PBXBuildFile; fileRef = 397B3CE921658FD0003BAF0C /* LoginModal.swift */; };
		397B3CEC21659236003BAF0C /* LoginController.swift in Sources */ = {isa = PBXBuildFile; fileRef = 397B3CEB21659236003BAF0C /* LoginController.swift */; };
		397B3CEF21659335003BAF0C /* NativeLoginModal.swift in Sources */ = {isa = PBXBuildFile; fileRef = 397B3CEE21659335003BAF0C /* NativeLoginModal.swift */; };
		397B3CF121659523003BAF0C /* BackgroundView.swift in Sources */ = {isa = PBXBuildFile; fileRef = 397B3CF021659523003BAF0C /* BackgroundView.swift */; };
		398A9FC62168579A007F97B9 /* CredentialField.swift in Sources */ = {isa = PBXBuildFile; fileRef = 398A9FC52168579A007F97B9 /* CredentialField.swift */; };
		398A9FC821685DBF007F97B9 /* APIServices.swift in Sources */ = {isa = PBXBuildFile; fileRef = 398A9FC721685DBF007F97B9 /* APIServices.swift */; };
		398A9FCA21685E14007F97B9 /* Secrets.swift in Sources */ = {isa = PBXBuildFile; fileRef = 398A9FC921685E14007F97B9 /* Secrets.swift */; };
		398A9FCC21686456007F97B9 /* User.swift in Sources */ = {isa = PBXBuildFile; fileRef = 398A9FCB21686456007F97B9 /* User.swift */; };
		398A9FCE216864E7007F97B9 /* UserDefaultsExtension.swift in Sources */ = {isa = PBXBuildFile; fileRef = 398A9FCD216864E7007F97B9 /* UserDefaultsExtension.swift */; };
		398A9FD121698015007F97B9 /* SignupController.swift in Sources */ = {isa = PBXBuildFile; fileRef = 398A9FD021698015007F97B9 /* SignupController.swift */; };
		398A9FD3216980D2007F97B9 /* NativeSignupModal.swift in Sources */ = {isa = PBXBuildFile; fileRef = 398A9FD2216980D2007F97B9 /* NativeSignupModal.swift */; };
		399807EB2187FEE1001607E7 /* EditProfileController.swift in Sources */ = {isa = PBXBuildFile; fileRef = 399807EA2187FEE1001607E7 /* EditProfileController.swift */; };
		39A191B921600E2600D6786C /* AppDelegate.swift in Sources */ = {isa = PBXBuildFile; fileRef = 39A191B821600E2600D6786C /* AppDelegate.swift */; };
		39A191BE21600E2600D6786C /* Main.storyboard in Resources */ = {isa = PBXBuildFile; fileRef = 39A191BC21600E2600D6786C /* Main.storyboard */; };
		39A191C021600E2600D6786C /* Assets.xcassets in Resources */ = {isa = PBXBuildFile; fileRef = 39A191BF21600E2600D6786C /* Assets.xcassets */; };
		39A191C321600E2600D6786C /* LaunchScreen.storyboard in Resources */ = {isa = PBXBuildFile; fileRef = 39A191C121600E2600D6786C /* LaunchScreen.storyboard */; };
		39A191CE21600E2600D6786C /* nxtBookTests.swift in Sources */ = {isa = PBXBuildFile; fileRef = 39A191CD21600E2600D6786C /* nxtBookTests.swift */; };
		39A191D921600E2600D6786C /* nxtBookUITests.swift in Sources */ = {isa = PBXBuildFile; fileRef = 39A191D821600E2600D6786C /* nxtBookUITests.swift */; };
		39A191EB21600EFF00D6786C /* IndexController.swift in Sources */ = {isa = PBXBuildFile; fileRef = 39A191EA21600EFF00D6786C /* IndexController.swift */; };
		39A191EE216011EF00D6786C /* Mont-HeavyDEMO.otf in Resources */ = {isa = PBXBuildFile; fileRef = 39A191ED216011EF00D6786C /* Mont-HeavyDEMO.otf */; };
		39A191F02160140300D6786C /* Colors.swift in Sources */ = {isa = PBXBuildFile; fileRef = 39A191EF2160140300D6786C /* Colors.swift */; };
		39A191F2216015B600D6786C /* UIViewExtension.swift in Sources */ = {isa = PBXBuildFile; fileRef = 39A191F1216015B600D6786C /* UIViewExtension.swift */; };
		39A191F42160178700D6786C /* IndexButton.swift in Sources */ = {isa = PBXBuildFile; fileRef = 39A191F32160178700D6786C /* IndexButton.swift */; };
		39A191F621601BE500D6786C /* UIButtonExtension.swift in Sources */ = {isa = PBXBuildFile; fileRef = 39A191F521601BE500D6786C /* UIButtonExtension.swift */; };
		39A191F82160273100D6786C /* SearchField.swift in Sources */ = {isa = PBXBuildFile; fileRef = 39A191F72160273100D6786C /* SearchField.swift */; };
		39BF216A21619C46005C64A7 /* LoginSignupController.swift in Sources */ = {isa = PBXBuildFile; fileRef = 39BF216921619C46005C64A7 /* LoginSignupController.swift */; };
		39BF216D2161A259005C64A7 /* WelcomeModal.swift in Sources */ = {isa = PBXBuildFile; fileRef = 39BF216C2161A259005C64A7 /* WelcomeModal.swift */; };
		39E5456E216ECEB9003B79C5 /* AboutController.swift in Sources */ = {isa = PBXBuildFile; fileRef = 39E5456D216ECEB9003B79C5 /* AboutController.swift */; };
		39E54573216ED0EA003B79C5 /* AboutTopModal.swift in Sources */ = {isa = PBXBuildFile; fileRef = 39E54572216ED0EA003B79C5 /* AboutTopModal.swift */; };
		39E54575216ED512003B79C5 /* GBBackgroundView.swift in Sources */ = {isa = PBXBuildFile; fileRef = 39E54574216ED512003B79C5 /* GBBackgroundView.swift */; };
		39E54577216ED54F003B79C5 /* AboutBotModal.swift in Sources */ = {isa = PBXBuildFile; fileRef = 39E54576216ED54F003B79C5 /* AboutBotModal.swift */; };
		39E54579216ED9C4003B79C5 /* TutorialController.swift in Sources */ = {isa = PBXBuildFile; fileRef = 39E54578216ED9C4003B79C5 /* TutorialController.swift */; };
		39E5457C216EDAE6003B79C5 /* Welcome.swift in Sources */ = {isa = PBXBuildFile; fileRef = 39E5457B216EDAE6003B79C5 /* Welcome.swift */; };
		39E5457E216EDD4F003B79C5 /* BuyAndSell.swift in Sources */ = {isa = PBXBuildFile; fileRef = 39E5457D216EDD4F003B79C5 /* BuyAndSell.swift */; };
		39E54580216EE188003B79C5 /* Search.swift in Sources */ = {isa = PBXBuildFile; fileRef = 39E5457F216EE188003B79C5 /* Search.swift */; };
		39F6A54D21801FA700B48EE8 /* ProfileController.swift in Sources */ = {isa = PBXBuildFile; fileRef = 39F6A54C21801FA700B48EE8 /* ProfileController.swift */; };
		39F6A550218029F400B48EE8 /* BookCollection.swift in Sources */ = {isa = PBXBuildFile; fileRef = 39F6A54F218029F400B48EE8 /* BookCollection.swift */; };
		39F6A55321802B1000B48EE8 /* PicBookCell.swift in Sources */ = {isa = PBXBuildFile; fileRef = 39F6A55221802B1000B48EE8 /* PicBookCell.swift */; };
/* End PBXBuildFile section */

/* Begin PBXContainerItemProxy section */
		39A191CA21600E2600D6786C /* PBXContainerItemProxy */ = {
			isa = PBXContainerItemProxy;
			containerPortal = 39A191AD21600E2600D6786C /* Project object */;
			proxyType = 1;
			remoteGlobalIDString = 39A191B421600E2600D6786C;
			remoteInfo = nxtBook;
		};
		39A191D521600E2600D6786C /* PBXContainerItemProxy */ = {
			isa = PBXContainerItemProxy;
			containerPortal = 39A191AD21600E2600D6786C /* Project object */;
			proxyType = 1;
			remoteGlobalIDString = 39A191B421600E2600D6786C;
			remoteInfo = nxtBook;
		};
/* End PBXContainerItemProxy section */

/* Begin PBXFileReference section */
		3929BB0E2170498900792372 /* FindBook.swift */ = {isa = PBXFileReference; lastKnownFileType = sourcecode.swift; path = FindBook.swift; sourceTree = "<group>"; };
		3929BB1121704B9900792372 /* ShowBookModal.swift */ = {isa = PBXFileReference; lastKnownFileType = sourcecode.swift; path = ShowBookModal.swift; sourceTree = "<group>"; };
		3929BB1321704BEB00792372 /* Book.swift */ = {isa = PBXFileReference; lastKnownFileType = sourcecode.swift; path = Book.swift; sourceTree = "<group>"; };
		3929BB152170511000792372 /* ConditionStars.swift */ = {isa = PBXFileReference; lastKnownFileType = sourcecode.swift; path = ConditionStars.swift; sourceTree = "<group>"; };
		3929BB172170564900792372 /* BuyBookButton.swift */ = {isa = PBXFileReference; lastKnownFileType = sourcecode.swift; path = BuyBookButton.swift; sourceTree = "<group>"; };
		3929BB192170592200792372 /* ChatToBuy.swift */ = {isa = PBXFileReference; lastKnownFileType = sourcecode.swift; path = ChatToBuy.swift; sourceTree = "<group>"; };
		3929BB1B21705D7700792372 /* TutorialChatBubble.swift */ = {isa = PBXFileReference; lastKnownFileType = sourcecode.swift; path = TutorialChatBubble.swift; sourceTree = "<group>"; };
		39381D6E21751F740094ACB0 /* MarkAsComplete.swift */ = {isa = PBXFileReference; lastKnownFileType = sourcecode.swift; path = MarkAsComplete.swift; sourceTree = "<group>"; };
		39381D702175296C0094ACB0 /* SellABook.swift */ = {isa = PBXFileReference; lastKnownFileType = sourcecode.swift; path = SellABook.swift; sourceTree = "<group>"; };
		3967CE1F216988FC00EA5476 /* UIWindowExtension.swift */ = {isa = PBXFileReference; lastKnownFileType = sourcecode.swift; path = UIWindowExtension.swift; sourceTree = "<group>"; };
		397B3CE52165830A003BAF0C /* AccountButton.swift */ = {isa = PBXFileReference; lastKnownFileType = sourcecode.swift; path = AccountButton.swift; sourceTree = "<group>"; };
		397B3CE7216587EB003BAF0C /* SignupModal.swift */ = {isa = PBXFileReference; lastKnownFileType = sourcecode.swift; path = SignupModal.swift; sourceTree = "<group>"; };
		397B3CE921658FD0003BAF0C /* LoginModal.swift */ = {isa = PBXFileReference; lastKnownFileType = sourcecode.swift; path = LoginModal.swift; sourceTree = "<group>"; };
		397B3CEB21659236003BAF0C /* LoginController.swift */ = {isa = PBXFileReference; lastKnownFileType = sourcecode.swift; path = LoginController.swift; sourceTree = "<group>"; };
		397B3CEE21659335003BAF0C /* NativeLoginModal.swift */ = {isa = PBXFileReference; lastKnownFileType = sourcecode.swift; path = NativeLoginModal.swift; sourceTree = "<group>"; };
		397B3CF021659523003BAF0C /* BackgroundView.swift */ = {isa = PBXFileReference; lastKnownFileType = sourcecode.swift; path = BackgroundView.swift; sourceTree = "<group>"; };
		398A9FC52168579A007F97B9 /* CredentialField.swift */ = {isa = PBXFileReference; lastKnownFileType = sourcecode.swift; path = CredentialField.swift; sourceTree = "<group>"; };
		398A9FC721685DBF007F97B9 /* APIServices.swift */ = {isa = PBXFileReference; lastKnownFileType = sourcecode.swift; path = APIServices.swift; sourceTree = "<group>"; };
		398A9FC921685E14007F97B9 /* Secrets.swift */ = {isa = PBXFileReference; lastKnownFileType = sourcecode.swift; path = Secrets.swift; sourceTree = "<group>"; };
		398A9FCB21686456007F97B9 /* User.swift */ = {isa = PBXFileReference; lastKnownFileType = sourcecode.swift; path = User.swift; sourceTree = "<group>"; };
		398A9FCD216864E7007F97B9 /* UserDefaultsExtension.swift */ = {isa = PBXFileReference; lastKnownFileType = sourcecode.swift; path = UserDefaultsExtension.swift; sourceTree = "<group>"; };
		398A9FD021698015007F97B9 /* SignupController.swift */ = {isa = PBXFileReference; lastKnownFileType = sourcecode.swift; path = SignupController.swift; sourceTree = "<group>"; };
		398A9FD2216980D2007F97B9 /* NativeSignupModal.swift */ = {isa = PBXFileReference; lastKnownFileType = sourcecode.swift; path = NativeSignupModal.swift; sourceTree = "<group>"; };
		399807EA2187FEE1001607E7 /* EditProfileController.swift */ = {isa = PBXFileReference; lastKnownFileType = sourcecode.swift; path = EditProfileController.swift; sourceTree = "<group>"; };
		39A191B521600E2600D6786C /* nxtBook.app */ = {isa = PBXFileReference; explicitFileType = wrapper.application; includeInIndex = 0; path = nxtBook.app; sourceTree = BUILT_PRODUCTS_DIR; };
		39A191B821600E2600D6786C /* AppDelegate.swift */ = {isa = PBXFileReference; lastKnownFileType = sourcecode.swift; path = AppDelegate.swift; sourceTree = "<group>"; };
		39A191BD21600E2600D6786C /* Base */ = {isa = PBXFileReference; lastKnownFileType = file.storyboard; name = Base; path = Base.lproj/Main.storyboard; sourceTree = "<group>"; };
		39A191BF21600E2600D6786C /* Assets.xcassets */ = {isa = PBXFileReference; lastKnownFileType = folder.assetcatalog; path = Assets.xcassets; sourceTree = "<group>"; };
		39A191C221600E2600D6786C /* Base */ = {isa = PBXFileReference; lastKnownFileType = file.storyboard; name = Base; path = Base.lproj/LaunchScreen.storyboard; sourceTree = "<group>"; };
		39A191C421600E2600D6786C /* Info.plist */ = {isa = PBXFileReference; lastKnownFileType = text.plist.xml; path = Info.plist; sourceTree = "<group>"; };
		39A191C921600E2600D6786C /* nxtBookTests.xctest */ = {isa = PBXFileReference; explicitFileType = wrapper.cfbundle; includeInIndex = 0; path = nxtBookTests.xctest; sourceTree = BUILT_PRODUCTS_DIR; };
		39A191CD21600E2600D6786C /* nxtBookTests.swift */ = {isa = PBXFileReference; lastKnownFileType = sourcecode.swift; path = nxtBookTests.swift; sourceTree = "<group>"; };
		39A191CF21600E2600D6786C /* Info.plist */ = {isa = PBXFileReference; lastKnownFileType = text.plist.xml; path = Info.plist; sourceTree = "<group>"; };
		39A191D421600E2600D6786C /* nxtBookUITests.xctest */ = {isa = PBXFileReference; explicitFileType = wrapper.cfbundle; includeInIndex = 0; path = nxtBookUITests.xctest; sourceTree = BUILT_PRODUCTS_DIR; };
		39A191D821600E2600D6786C /* nxtBookUITests.swift */ = {isa = PBXFileReference; lastKnownFileType = sourcecode.swift; path = nxtBookUITests.swift; sourceTree = "<group>"; };
		39A191DA21600E2600D6786C /* Info.plist */ = {isa = PBXFileReference; lastKnownFileType = text.plist.xml; path = Info.plist; sourceTree = "<group>"; };
		39A191EA21600EFF00D6786C /* IndexController.swift */ = {isa = PBXFileReference; lastKnownFileType = sourcecode.swift; path = IndexController.swift; sourceTree = "<group>"; };
		39A191ED216011EF00D6786C /* Mont-HeavyDEMO.otf */ = {isa = PBXFileReference; lastKnownFileType = file; path = "Mont-HeavyDEMO.otf"; sourceTree = "<group>"; };
		39A191EF2160140300D6786C /* Colors.swift */ = {isa = PBXFileReference; lastKnownFileType = sourcecode.swift; path = Colors.swift; sourceTree = "<group>"; };
		39A191F1216015B600D6786C /* UIViewExtension.swift */ = {isa = PBXFileReference; lastKnownFileType = sourcecode.swift; path = UIViewExtension.swift; sourceTree = "<group>"; };
		39A191F32160178700D6786C /* IndexButton.swift */ = {isa = PBXFileReference; lastKnownFileType = sourcecode.swift; path = IndexButton.swift; sourceTree = "<group>"; };
		39A191F521601BE500D6786C /* UIButtonExtension.swift */ = {isa = PBXFileReference; lastKnownFileType = sourcecode.swift; path = UIButtonExtension.swift; sourceTree = "<group>"; };
		39A191F72160273100D6786C /* SearchField.swift */ = {isa = PBXFileReference; lastKnownFileType = sourcecode.swift; path = SearchField.swift; sourceTree = "<group>"; };
		39BF216921619C46005C64A7 /* LoginSignupController.swift */ = {isa = PBXFileReference; lastKnownFileType = sourcecode.swift; path = LoginSignupController.swift; sourceTree = "<group>"; };
		39BF216C2161A259005C64A7 /* WelcomeModal.swift */ = {isa = PBXFileReference; lastKnownFileType = sourcecode.swift; path = WelcomeModal.swift; sourceTree = "<group>"; };
		39E5456D216ECEB9003B79C5 /* AboutController.swift */ = {isa = PBXFileReference; lastKnownFileType = sourcecode.swift; path = AboutController.swift; sourceTree = "<group>"; };
		39E54572216ED0EA003B79C5 /* AboutTopModal.swift */ = {isa = PBXFileReference; lastKnownFileType = sourcecode.swift; path = AboutTopModal.swift; sourceTree = "<group>"; };
		39E54574216ED512003B79C5 /* GBBackgroundView.swift */ = {isa = PBXFileReference; lastKnownFileType = sourcecode.swift; path = GBBackgroundView.swift; sourceTree = "<group>"; };
		39E54576216ED54F003B79C5 /* AboutBotModal.swift */ = {isa = PBXFileReference; lastKnownFileType = sourcecode.swift; path = AboutBotModal.swift; sourceTree = "<group>"; };
		39E54578216ED9C4003B79C5 /* TutorialController.swift */ = {isa = PBXFileReference; lastKnownFileType = sourcecode.swift; path = TutorialController.swift; sourceTree = "<group>"; };
		39E5457B216EDAE6003B79C5 /* Welcome.swift */ = {isa = PBXFileReference; lastKnownFileType = sourcecode.swift; path = Welcome.swift; sourceTree = "<group>"; };
		39E5457D216EDD4F003B79C5 /* BuyAndSell.swift */ = {isa = PBXFileReference; lastKnownFileType = sourcecode.swift; path = BuyAndSell.swift; sourceTree = "<group>"; };
		39E5457F216EE188003B79C5 /* Search.swift */ = {isa = PBXFileReference; lastKnownFileType = sourcecode.swift; path = Search.swift; sourceTree = "<group>"; };
		39F6A54C21801FA700B48EE8 /* ProfileController.swift */ = {isa = PBXFileReference; lastKnownFileType = sourcecode.swift; path = ProfileController.swift; sourceTree = "<group>"; };
		39F6A54F218029F400B48EE8 /* BookCollection.swift */ = {isa = PBXFileReference; lastKnownFileType = sourcecode.swift; path = BookCollection.swift; sourceTree = "<group>"; };
		39F6A55221802B1000B48EE8 /* PicBookCell.swift */ = {isa = PBXFileReference; lastKnownFileType = sourcecode.swift; path = PicBookCell.swift; sourceTree = "<group>"; };
/* End PBXFileReference section */

/* Begin PBXFrameworksBuildPhase section */
		39A191B221600E2600D6786C /* Frameworks */ = {
			isa = PBXFrameworksBuildPhase;
			buildActionMask = 2147483647;
			files = (
			);
			runOnlyForDeploymentPostprocessing = 0;
		};
		39A191C621600E2600D6786C /* Frameworks */ = {
			isa = PBXFrameworksBuildPhase;
			buildActionMask = 2147483647;
			files = (
			);
			runOnlyForDeploymentPostprocessing = 0;
		};
		39A191D121600E2600D6786C /* Frameworks */ = {
			isa = PBXFrameworksBuildPhase;
			buildActionMask = 2147483647;
			files = (
			);
			runOnlyForDeploymentPostprocessing = 0;
		};
/* End PBXFrameworksBuildPhase section */

/* Begin PBXGroup section */
		3929BB1021704B8700792372 /* Books */ = {
			isa = PBXGroup;
			children = (
				3929BB1121704B9900792372 /* ShowBookModal.swift */,
				3929BB152170511000792372 /* ConditionStars.swift */,
				3929BB172170564900792372 /* BuyBookButton.swift */,
			);
			path = Books;
			sourceTree = "<group>";
		};
		397B3CED21659328003BAF0C /* Login */ = {
			isa = PBXGroup;
			children = (
				397B3CEE21659335003BAF0C /* NativeLoginModal.swift */,
				397B3CF021659523003BAF0C /* BackgroundView.swift */,
				398A9FC52168579A007F97B9 /* CredentialField.swift */,
			);
			path = Login;
			sourceTree = "<group>";
		};
		398A9FCF21697FEB007F97B9 /* Signup */ = {
			isa = PBXGroup;
			children = (
				398A9FD2216980D2007F97B9 /* NativeSignupModal.swift */,
			);
			path = Signup;
			sourceTree = "<group>";
		};
		39A191AC21600E2600D6786C = {
			isa = PBXGroup;
			children = (
				39A191B721600E2600D6786C /* nxtBook */,
				39A191CC21600E2600D6786C /* nxtBookTests */,
				39A191D721600E2600D6786C /* nxtBookUITests */,
				39A191B621600E2600D6786C /* Products */,
			);
			sourceTree = "<group>";
		};
		39A191B621600E2600D6786C /* Products */ = {
			isa = PBXGroup;
			children = (
				39A191B521600E2600D6786C /* nxtBook.app */,
				39A191C921600E2600D6786C /* nxtBookTests.xctest */,
				39A191D421600E2600D6786C /* nxtBookUITests.xctest */,
			);
			name = Products;
			sourceTree = "<group>";
		};
		39A191B721600E2600D6786C /* nxtBook */ = {
			isa = PBXGroup;
			children = (
				39A191EC216011D500D6786C /* Resources */,
				39A191E921600EF200D6786C /* Views */,
				39A191E821600EEB00D6786C /* Helpers */,
				39A191E721600EE600D6786C /* Models */,
				39A191E621600EDA00D6786C /* Controllers */,
				39A191B821600E2600D6786C /* AppDelegate.swift */,
				39A191BC21600E2600D6786C /* Main.storyboard */,
				39A191BF21600E2600D6786C /* Assets.xcassets */,
				39A191C121600E2600D6786C /* LaunchScreen.storyboard */,
				39A191C421600E2600D6786C /* Info.plist */,
			);
			path = nxtBook;
			sourceTree = "<group>";
		};
		39A191CC21600E2600D6786C /* nxtBookTests */ = {
			isa = PBXGroup;
			children = (
				39A191CD21600E2600D6786C /* nxtBookTests.swift */,
				39A191CF21600E2600D6786C /* Info.plist */,
			);
			path = nxtBookTests;
			sourceTree = "<group>";
		};
		39A191D721600E2600D6786C /* nxtBookUITests */ = {
			isa = PBXGroup;
			children = (
				39A191D821600E2600D6786C /* nxtBookUITests.swift */,
				39A191DA21600E2600D6786C /* Info.plist */,
			);
			path = nxtBookUITests;
			sourceTree = "<group>";
		};
		39A191E621600EDA00D6786C /* Controllers */ = {
			isa = PBXGroup;
			children = (
				39A191EA21600EFF00D6786C /* IndexController.swift */,
				39BF216921619C46005C64A7 /* LoginSignupController.swift */,
				397B3CEB21659236003BAF0C /* LoginController.swift */,
				398A9FD021698015007F97B9 /* SignupController.swift */,
				39E5456D216ECEB9003B79C5 /* AboutController.swift */,
				39E54578216ED9C4003B79C5 /* TutorialController.swift */,
				39F6A54C21801FA700B48EE8 /* ProfileController.swift */,
				399807EA2187FEE1001607E7 /* EditProfileController.swift */,
			);
			path = Controllers;
			sourceTree = "<group>";
		};
		39A191E721600EE600D6786C /* Models */ = {
			isa = PBXGroup;
			children = (
				398A9FCB21686456007F97B9 /* User.swift */,
				3929BB1321704BEB00792372 /* Book.swift */,
			);
			path = Models;
			sourceTree = "<group>";
		};
		39A191E821600EEB00D6786C /* Helpers */ = {
			isa = PBXGroup;
			children = (
				39A191EF2160140300D6786C /* Colors.swift */,
				39A191F1216015B600D6786C /* UIViewExtension.swift */,
				39A191F521601BE500D6786C /* UIButtonExtension.swift */,
				398A9FC721685DBF007F97B9 /* APIServices.swift */,
				398A9FC921685E14007F97B9 /* Secrets.swift */,
				398A9FCD216864E7007F97B9 /* UserDefaultsExtension.swift */,
				3967CE1F216988FC00EA5476 /* UIWindowExtension.swift */,
			);
			path = Helpers;
			sourceTree = "<group>";
		};
		39A191E921600EF200D6786C /* Views */ = {
			isa = PBXGroup;
			children = (
				39F6A55121802B0200B48EE8 /* CollectionViewCells */,
				39F6A54E218029E500B48EE8 /* Profile */,
				3929BB1021704B8700792372 /* Books */,
				39E5457A216EDADB003B79C5 /* Tutorial */,
				39E54571216ED0D2003B79C5 /* About */,
				398A9FCF21697FEB007F97B9 /* Signup */,
				397B3CED21659328003BAF0C /* Login */,
				39BF216B21619D55005C64A7 /* LoginSignup */,
				39A191F32160178700D6786C /* IndexButton.swift */,
				39A191F72160273100D6786C /* SearchField.swift */,
			);
			path = Views;
			sourceTree = "<group>";
		};
		39A191EC216011D500D6786C /* Resources */ = {
			isa = PBXGroup;
			children = (
				39A191ED216011EF00D6786C /* Mont-HeavyDEMO.otf */,
			);
			path = Resources;
			sourceTree = "<group>";
		};
		39BF216B21619D55005C64A7 /* LoginSignup */ = {
			isa = PBXGroup;
			children = (
				39BF216C2161A259005C64A7 /* WelcomeModal.swift */,
				397B3CE52165830A003BAF0C /* AccountButton.swift */,
				397B3CE7216587EB003BAF0C /* SignupModal.swift */,
				397B3CE921658FD0003BAF0C /* LoginModal.swift */,
			);
			path = LoginSignup;
			sourceTree = "<group>";
		};
		39E54571216ED0D2003B79C5 /* About */ = {
			isa = PBXGroup;
			children = (
				39E54572216ED0EA003B79C5 /* AboutTopModal.swift */,
				39E54574216ED512003B79C5 /* GBBackgroundView.swift */,
				39E54576216ED54F003B79C5 /* AboutBotModal.swift */,
			);
			path = About;
			sourceTree = "<group>";
		};
		39E5457A216EDADB003B79C5 /* Tutorial */ = {
			isa = PBXGroup;
			children = (
				39E5457B216EDAE6003B79C5 /* Welcome.swift */,
				39E5457D216EDD4F003B79C5 /* BuyAndSell.swift */,
				39E5457F216EE188003B79C5 /* Search.swift */,
				3929BB0E2170498900792372 /* FindBook.swift */,
				3929BB192170592200792372 /* ChatToBuy.swift */,
				3929BB1B21705D7700792372 /* TutorialChatBubble.swift */,
				39381D6E21751F740094ACB0 /* MarkAsComplete.swift */,
				39381D702175296C0094ACB0 /* SellABook.swift */,
			);
			path = Tutorial;
			sourceTree = "<group>";
		};
		39F6A54E218029E500B48EE8 /* Profile */ = {
			isa = PBXGroup;
			children = (
				39F6A54F218029F400B48EE8 /* BookCollection.swift */,
			);
			path = Profile;
			sourceTree = "<group>";
		};
		39F6A55121802B0200B48EE8 /* CollectionViewCells */ = {
			isa = PBXGroup;
			children = (
				39F6A55221802B1000B48EE8 /* PicBookCell.swift */,
			);
			path = CollectionViewCells;
			sourceTree = "<group>";
		};
/* End PBXGroup section */

/* Begin PBXNativeTarget section */
		39A191B421600E2600D6786C /* nxtBook */ = {
			isa = PBXNativeTarget;
			buildConfigurationList = 39A191DD21600E2600D6786C /* Build configuration list for PBXNativeTarget "nxtBook" */;
			buildPhases = (
				39A191B121600E2600D6786C /* Sources */,
				39A191B221600E2600D6786C /* Frameworks */,
				39A191B321600E2600D6786C /* Resources */,
			);
			buildRules = (
			);
			dependencies = (
			);
			name = nxtBook;
			productName = nxtBook;
			productReference = 39A191B521600E2600D6786C /* nxtBook.app */;
			productType = "com.apple.product-type.application";
		};
		39A191C821600E2600D6786C /* nxtBookTests */ = {
			isa = PBXNativeTarget;
			buildConfigurationList = 39A191E021600E2600D6786C /* Build configuration list for PBXNativeTarget "nxtBookTests" */;
			buildPhases = (
				39A191C521600E2600D6786C /* Sources */,
				39A191C621600E2600D6786C /* Frameworks */,
				39A191C721600E2600D6786C /* Resources */,
			);
			buildRules = (
			);
			dependencies = (
				39A191CB21600E2600D6786C /* PBXTargetDependency */,
			);
			name = nxtBookTests;
			productName = nxtBookTests;
			productReference = 39A191C921600E2600D6786C /* nxtBookTests.xctest */;
			productType = "com.apple.product-type.bundle.unit-test";
		};
		39A191D321600E2600D6786C /* nxtBookUITests */ = {
			isa = PBXNativeTarget;
			buildConfigurationList = 39A191E321600E2600D6786C /* Build configuration list for PBXNativeTarget "nxtBookUITests" */;
			buildPhases = (
				39A191D021600E2600D6786C /* Sources */,
				39A191D121600E2600D6786C /* Frameworks */,
				39A191D221600E2600D6786C /* Resources */,
			);
			buildRules = (
			);
			dependencies = (
				39A191D621600E2600D6786C /* PBXTargetDependency */,
			);
			name = nxtBookUITests;
			productName = nxtBookUITests;
			productReference = 39A191D421600E2600D6786C /* nxtBookUITests.xctest */;
			productType = "com.apple.product-type.bundle.ui-testing";
		};
/* End PBXNativeTarget section */

/* Begin PBXProject section */
		39A191AD21600E2600D6786C /* Project object */ = {
			isa = PBXProject;
			attributes = {
				LastSwiftUpdateCheck = 0940;
				LastUpgradeCheck = 0940;
				ORGANIZATIONNAME = "Aatif Jiwani";
				TargetAttributes = {
					39A191B421600E2600D6786C = {
						CreatedOnToolsVersion = 9.4.1;
					};
					39A191C821600E2600D6786C = {
						CreatedOnToolsVersion = 9.4.1;
						TestTargetID = 39A191B421600E2600D6786C;
					};
					39A191D321600E2600D6786C = {
						CreatedOnToolsVersion = 9.4.1;
						TestTargetID = 39A191B421600E2600D6786C;
					};
				};
			};
			buildConfigurationList = 39A191B021600E2600D6786C /* Build configuration list for PBXProject "nxtBook" */;
			compatibilityVersion = "Xcode 9.3";
			developmentRegion = en;
			hasScannedForEncodings = 0;
			knownRegions = (
				en,
				Base,
			);
			mainGroup = 39A191AC21600E2600D6786C;
			productRefGroup = 39A191B621600E2600D6786C /* Products */;
			projectDirPath = "";
			projectRoot = "";
			targets = (
				39A191B421600E2600D6786C /* nxtBook */,
				39A191C821600E2600D6786C /* nxtBookTests */,
				39A191D321600E2600D6786C /* nxtBookUITests */,
			);
		};
/* End PBXProject section */

/* Begin PBXResourcesBuildPhase section */
		39A191B321600E2600D6786C /* Resources */ = {
			isa = PBXResourcesBuildPhase;
			buildActionMask = 2147483647;
			files = (
				39A191C321600E2600D6786C /* LaunchScreen.storyboard in Resources */,
				39A191C021600E2600D6786C /* Assets.xcassets in Resources */,
				39A191EE216011EF00D6786C /* Mont-HeavyDEMO.otf in Resources */,
				39A191BE21600E2600D6786C /* Main.storyboard in Resources */,
			);
			runOnlyForDeploymentPostprocessing = 0;
		};
		39A191C721600E2600D6786C /* Resources */ = {
			isa = PBXResourcesBuildPhase;
			buildActionMask = 2147483647;
			files = (
			);
			runOnlyForDeploymentPostprocessing = 0;
		};
		39A191D221600E2600D6786C /* Resources */ = {
			isa = PBXResourcesBuildPhase;
			buildActionMask = 2147483647;
			files = (
			);
			runOnlyForDeploymentPostprocessing = 0;
		};
/* End PBXResourcesBuildPhase section */

/* Begin PBXSourcesBuildPhase section */
		39A191B121600E2600D6786C /* Sources */ = {
			isa = PBXSourcesBuildPhase;
			buildActionMask = 2147483647;
			files = (
				39E54580216EE188003B79C5 /* Search.swift in Sources */,
				39BF216D2161A259005C64A7 /* WelcomeModal.swift in Sources */,
				3967CE20216988FC00EA5476 /* UIWindowExtension.swift in Sources */,
				3929BB1C21705D7700792372 /* TutorialChatBubble.swift in Sources */,
				398A9FCA21685E14007F97B9 /* Secrets.swift in Sources */,
				39E54573216ED0EA003B79C5 /* AboutTopModal.swift in Sources */,
				398A9FC62168579A007F97B9 /* CredentialField.swift in Sources */,
				39E54575216ED512003B79C5 /* GBBackgroundView.swift in Sources */,
				39A191F2216015B600D6786C /* UIViewExtension.swift in Sources */,
				398A9FD3216980D2007F97B9 /* NativeSignupModal.swift in Sources */,
				39A191F42160178700D6786C /* IndexButton.swift in Sources */,
				397B3CEC21659236003BAF0C /* LoginController.swift in Sources */,
				39A191F02160140300D6786C /* Colors.swift in Sources */,
				39A191F621601BE500D6786C /* UIButtonExtension.swift in Sources */,
				397B3CF121659523003BAF0C /* BackgroundView.swift in Sources */,
				39381D712175296C0094ACB0 /* SellABook.swift in Sources */,
				398A9FCE216864E7007F97B9 /* UserDefaultsExtension.swift in Sources */,
				397B3CE8216587EB003BAF0C /* SignupModal.swift in Sources */,
				39E54577216ED54F003B79C5 /* AboutBotModal.swift in Sources */,
				39A191F82160273100D6786C /* SearchField.swift in Sources */,
				39A191EB21600EFF00D6786C /* IndexController.swift in Sources */,
				39F6A54D21801FA700B48EE8 /* ProfileController.swift in Sources */,
				3929BB1221704B9900792372 /* ShowBookModal.swift in Sources */,
				397B3CEA21658FD0003BAF0C /* LoginModal.swift in Sources */,
				398A9FC821685DBF007F97B9 /* APIServices.swift in Sources */,
				398A9FD121698015007F97B9 /* SignupController.swift in Sources */,
				39F6A550218029F400B48EE8 /* BookCollection.swift in Sources */,
				39BF216A21619C46005C64A7 /* LoginSignupController.swift in Sources */,
				39F6A55321802B1000B48EE8 /* PicBookCell.swift in Sources */,
				39E54579216ED9C4003B79C5 /* TutorialController.swift in Sources */,
				3929BB0F2170498900792372 /* FindBook.swift in Sources */,
				39A191B921600E2600D6786C /* AppDelegate.swift in Sources */,
				3929BB1A2170592200792372 /* ChatToBuy.swift in Sources */,
				39381D6F21751F740094ACB0 /* MarkAsComplete.swift in Sources */,
				397B3CEF21659335003BAF0C /* NativeLoginModal.swift in Sources */,
				39E5457C216EDAE6003B79C5 /* Welcome.swift in Sources */,
				397B3CE62165830A003BAF0C /* AccountButton.swift in Sources */,
				399807EB2187FEE1001607E7 /* EditProfileController.swift in Sources */,
				3929BB1421704BEB00792372 /* Book.swift in Sources */,
				3929BB182170564900792372 /* BuyBookButton.swift in Sources */,
				3929BB162170511000792372 /* ConditionStars.swift in Sources */,
				398A9FCC21686456007F97B9 /* User.swift in Sources */,
				39E5457E216EDD4F003B79C5 /* BuyAndSell.swift in Sources */,
				39E5456E216ECEB9003B79C5 /* AboutController.swift in Sources */,
			);
			runOnlyForDeploymentPostprocessing = 0;
		};
		39A191C521600E2600D6786C /* Sources */ = {
			isa = PBXSourcesBuildPhase;
			buildActionMask = 2147483647;
			files = (
				39A191CE21600E2600D6786C /* nxtBookTests.swift in Sources */,
			);
			runOnlyForDeploymentPostprocessing = 0;
		};
		39A191D021600E2600D6786C /* Sources */ = {
			isa = PBXSourcesBuildPhase;
			buildActionMask = 2147483647;
			files = (
				39A191D921600E2600D6786C /* nxtBookUITests.swift in Sources */,
			);
			runOnlyForDeploymentPostprocessing = 0;
		};
/* End PBXSourcesBuildPhase section */

/* Begin PBXTargetDependency section */
		39A191CB21600E2600D6786C /* PBXTargetDependency */ = {
			isa = PBXTargetDependency;
			target = 39A191B421600E2600D6786C /* nxtBook */;
			targetProxy = 39A191CA21600E2600D6786C /* PBXContainerItemProxy */;
		};
		39A191D621600E2600D6786C /* PBXTargetDependency */ = {
			isa = PBXTargetDependency;
			target = 39A191B421600E2600D6786C /* nxtBook */;
			targetProxy = 39A191D521600E2600D6786C /* PBXContainerItemProxy */;
		};
/* End PBXTargetDependency section */

/* Begin PBXVariantGroup section */
		39A191BC21600E2600D6786C /* Main.storyboard */ = {
			isa = PBXVariantGroup;
			children = (
				39A191BD21600E2600D6786C /* Base */,
			);
			name = Main.storyboard;
			sourceTree = "<group>";
		};
		39A191C121600E2600D6786C /* LaunchScreen.storyboard */ = {
			isa = PBXVariantGroup;
			children = (
				39A191C221600E2600D6786C /* Base */,
			);
			name = LaunchScreen.storyboard;
			sourceTree = "<group>";
		};
/* End PBXVariantGroup section */

/* Begin XCBuildConfiguration section */
		39A191DB21600E2600D6786C /* Debug */ = {
			isa = XCBuildConfiguration;
			buildSettings = {
				ALWAYS_SEARCH_USER_PATHS = NO;
				CLANG_ANALYZER_NONNULL = YES;
				CLANG_ANALYZER_NUMBER_OBJECT_CONVERSION = YES_AGGRESSIVE;
				CLANG_CXX_LANGUAGE_STANDARD = "gnu++14";
				CLANG_CXX_LIBRARY = "libc++";
				CLANG_ENABLE_MODULES = YES;
				CLANG_ENABLE_OBJC_ARC = YES;
				CLANG_ENABLE_OBJC_WEAK = YES;
				CLANG_WARN_BLOCK_CAPTURE_AUTORELEASING = YES;
				CLANG_WARN_BOOL_CONVERSION = YES;
				CLANG_WARN_COMMA = YES;
				CLANG_WARN_CONSTANT_CONVERSION = YES;
				CLANG_WARN_DEPRECATED_OBJC_IMPLEMENTATIONS = YES;
				CLANG_WARN_DIRECT_OBJC_ISA_USAGE = YES_ERROR;
				CLANG_WARN_DOCUMENTATION_COMMENTS = YES;
				CLANG_WARN_EMPTY_BODY = YES;
				CLANG_WARN_ENUM_CONVERSION = YES;
				CLANG_WARN_INFINITE_RECURSION = YES;
				CLANG_WARN_INT_CONVERSION = YES;
				CLANG_WARN_NON_LITERAL_NULL_CONVERSION = YES;
				CLANG_WARN_OBJC_IMPLICIT_RETAIN_SELF = YES;
				CLANG_WARN_OBJC_LITERAL_CONVERSION = YES;
				CLANG_WARN_OBJC_ROOT_CLASS = YES_ERROR;
				CLANG_WARN_RANGE_LOOP_ANALYSIS = YES;
				CLANG_WARN_STRICT_PROTOTYPES = YES;
				CLANG_WARN_SUSPICIOUS_MOVE = YES;
				CLANG_WARN_UNGUARDED_AVAILABILITY = YES_AGGRESSIVE;
				CLANG_WARN_UNREACHABLE_CODE = YES;
				CLANG_WARN__DUPLICATE_METHOD_MATCH = YES;
				CODE_SIGN_IDENTITY = "iPhone Developer";
				COPY_PHASE_STRIP = NO;
				DEBUG_INFORMATION_FORMAT = dwarf;
				ENABLE_STRICT_OBJC_MSGSEND = YES;
				ENABLE_TESTABILITY = YES;
				GCC_C_LANGUAGE_STANDARD = gnu11;
				GCC_DYNAMIC_NO_PIC = NO;
				GCC_NO_COMMON_BLOCKS = YES;
				GCC_OPTIMIZATION_LEVEL = 0;
				GCC_PREPROCESSOR_DEFINITIONS = (
					"DEBUG=1",
					"$(inherited)",
				);
				GCC_WARN_64_TO_32_BIT_CONVERSION = YES;
				GCC_WARN_ABOUT_RETURN_TYPE = YES_ERROR;
				GCC_WARN_UNDECLARED_SELECTOR = YES;
				GCC_WARN_UNINITIALIZED_AUTOS = YES_AGGRESSIVE;
				GCC_WARN_UNUSED_FUNCTION = YES;
				GCC_WARN_UNUSED_VARIABLE = YES;
				IPHONEOS_DEPLOYMENT_TARGET = 11.4;
				MTL_ENABLE_DEBUG_INFO = YES;
				ONLY_ACTIVE_ARCH = YES;
				SDKROOT = iphoneos;
				SWIFT_ACTIVE_COMPILATION_CONDITIONS = DEBUG;
				SWIFT_OPTIMIZATION_LEVEL = "-Onone";
			};
			name = Debug;
		};
		39A191DC21600E2600D6786C /* Release */ = {
			isa = XCBuildConfiguration;
			buildSettings = {
				ALWAYS_SEARCH_USER_PATHS = NO;
				CLANG_ANALYZER_NONNULL = YES;
				CLANG_ANALYZER_NUMBER_OBJECT_CONVERSION = YES_AGGRESSIVE;
				CLANG_CXX_LANGUAGE_STANDARD = "gnu++14";
				CLANG_CXX_LIBRARY = "libc++";
				CLANG_ENABLE_MODULES = YES;
				CLANG_ENABLE_OBJC_ARC = YES;
				CLANG_ENABLE_OBJC_WEAK = YES;
				CLANG_WARN_BLOCK_CAPTURE_AUTORELEASING = YES;
				CLANG_WARN_BOOL_CONVERSION = YES;
				CLANG_WARN_COMMA = YES;
				CLANG_WARN_CONSTANT_CONVERSION = YES;
				CLANG_WARN_DEPRECATED_OBJC_IMPLEMENTATIONS = YES;
				CLANG_WARN_DIRECT_OBJC_ISA_USAGE = YES_ERROR;
				CLANG_WARN_DOCUMENTATION_COMMENTS = YES;
				CLANG_WARN_EMPTY_BODY = YES;
				CLANG_WARN_ENUM_CONVERSION = YES;
				CLANG_WARN_INFINITE_RECURSION = YES;
				CLANG_WARN_INT_CONVERSION = YES;
				CLANG_WARN_NON_LITERAL_NULL_CONVERSION = YES;
				CLANG_WARN_OBJC_IMPLICIT_RETAIN_SELF = YES;
				CLANG_WARN_OBJC_LITERAL_CONVERSION = YES;
				CLANG_WARN_OBJC_ROOT_CLASS = YES_ERROR;
				CLANG_WARN_RANGE_LOOP_ANALYSIS = YES;
				CLANG_WARN_STRICT_PROTOTYPES = YES;
				CLANG_WARN_SUSPICIOUS_MOVE = YES;
				CLANG_WARN_UNGUARDED_AVAILABILITY = YES_AGGRESSIVE;
				CLANG_WARN_UNREACHABLE_CODE = YES;
				CLANG_WARN__DUPLICATE_METHOD_MATCH = YES;
				CODE_SIGN_IDENTITY = "iPhone Developer";
				COPY_PHASE_STRIP = NO;
				DEBUG_INFORMATION_FORMAT = "dwarf-with-dsym";
				ENABLE_NS_ASSERTIONS = NO;
				ENABLE_STRICT_OBJC_MSGSEND = YES;
				GCC_C_LANGUAGE_STANDARD = gnu11;
				GCC_NO_COMMON_BLOCKS = YES;
				GCC_WARN_64_TO_32_BIT_CONVERSION = YES;
				GCC_WARN_ABOUT_RETURN_TYPE = YES_ERROR;
				GCC_WARN_UNDECLARED_SELECTOR = YES;
				GCC_WARN_UNINITIALIZED_AUTOS = YES_AGGRESSIVE;
				GCC_WARN_UNUSED_FUNCTION = YES;
				GCC_WARN_UNUSED_VARIABLE = YES;
				IPHONEOS_DEPLOYMENT_TARGET = 11.4;
				MTL_ENABLE_DEBUG_INFO = NO;
				SDKROOT = iphoneos;
				SWIFT_COMPILATION_MODE = wholemodule;
				SWIFT_OPTIMIZATION_LEVEL = "-O";
				VALIDATE_PRODUCT = YES;
			};
			name = Release;
		};
		39A191DE21600E2600D6786C /* Debug */ = {
			isa = XCBuildConfiguration;
			buildSettings = {
				ASSETCATALOG_COMPILER_APPICON_NAME = AppIcon;
				CODE_SIGN_STYLE = Automatic;
				DEVELOPMENT_TEAM = HUE763S54R;
				INFOPLIST_FILE = nxtBook/Info.plist;
				LD_RUNPATH_SEARCH_PATHS = (
					"$(inherited)",
					"@executable_path/Frameworks",
				);
				PRODUCT_BUNDLE_IDENTIFIER = com.aatifjiwani.nxtBook;
				PRODUCT_NAME = "$(TARGET_NAME)";
				SWIFT_VERSION = 4.0;
				TARGETED_DEVICE_FAMILY = "1,2";
			};
			name = Debug;
		};
		39A191DF21600E2600D6786C /* Release */ = {
			isa = XCBuildConfiguration;
			buildSettings = {
				ASSETCATALOG_COMPILER_APPICON_NAME = AppIcon;
				CODE_SIGN_STYLE = Automatic;
				DEVELOPMENT_TEAM = HUE763S54R;
				INFOPLIST_FILE = nxtBook/Info.plist;
				LD_RUNPATH_SEARCH_PATHS = (
					"$(inherited)",
					"@executable_path/Frameworks",
				);
				PRODUCT_BUNDLE_IDENTIFIER = com.aatifjiwani.nxtBook;
				PRODUCT_NAME = "$(TARGET_NAME)";
				SWIFT_VERSION = 4.0;
				TARGETED_DEVICE_FAMILY = "1,2";
			};
			name = Release;
		};
		39A191E121600E2600D6786C /* Debug */ = {
			isa = XCBuildConfiguration;
			buildSettings = {
				ALWAYS_EMBED_SWIFT_STANDARD_LIBRARIES = YES;
				BUNDLE_LOADER = "$(TEST_HOST)";
				CODE_SIGN_STYLE = Automatic;
				DEVELOPMENT_TEAM = HUE763S54R;
				INFOPLIST_FILE = nxtBookTests/Info.plist;
				LD_RUNPATH_SEARCH_PATHS = (
					"$(inherited)",
					"@executable_path/Frameworks",
					"@loader_path/Frameworks",
				);
				PRODUCT_BUNDLE_IDENTIFIER = com.aatifjiwani.nxtBookTests;
				PRODUCT_NAME = "$(TARGET_NAME)";
				SWIFT_VERSION = 4.0;
				TARGETED_DEVICE_FAMILY = "1,2";
				TEST_HOST = "$(BUILT_PRODUCTS_DIR)/nxtBook.app/nxtBook";
			};
			name = Debug;
		};
		39A191E221600E2600D6786C /* Release */ = {
			isa = XCBuildConfiguration;
			buildSettings = {
				ALWAYS_EMBED_SWIFT_STANDARD_LIBRARIES = YES;
				BUNDLE_LOADER = "$(TEST_HOST)";
				CODE_SIGN_STYLE = Automatic;
				DEVELOPMENT_TEAM = HUE763S54R;
				INFOPLIST_FILE = nxtBookTests/Info.plist;
				LD_RUNPATH_SEARCH_PATHS = (
					"$(inherited)",
					"@executable_path/Frameworks",
					"@loader_path/Frameworks",
				);
				PRODUCT_BUNDLE_IDENTIFIER = com.aatifjiwani.nxtBookTests;
				PRODUCT_NAME = "$(TARGET_NAME)";
				SWIFT_VERSION = 4.0;
				TARGETED_DEVICE_FAMILY = "1,2";
				TEST_HOST = "$(BUILT_PRODUCTS_DIR)/nxtBook.app/nxtBook";
			};
			name = Release;
		};
		39A191E421600E2600D6786C /* Debug */ = {
			isa = XCBuildConfiguration;
			buildSettings = {
				ALWAYS_EMBED_SWIFT_STANDARD_LIBRARIES = YES;
				CODE_SIGN_STYLE = Automatic;
				DEVELOPMENT_TEAM = HUE763S54R;
				INFOPLIST_FILE = nxtBookUITests/Info.plist;
				LD_RUNPATH_SEARCH_PATHS = (
					"$(inherited)",
					"@executable_path/Frameworks",
					"@loader_path/Frameworks",
				);
				PRODUCT_BUNDLE_IDENTIFIER = com.aatifjiwani.nxtBookUITests;
				PRODUCT_NAME = "$(TARGET_NAME)";
				SWIFT_VERSION = 4.0;
				TARGETED_DEVICE_FAMILY = "1,2";
				TEST_TARGET_NAME = nxtBook;
			};
			name = Debug;
		};
		39A191E521600E2600D6786C /* Release */ = {
			isa = XCBuildConfiguration;
			buildSettings = {
				ALWAYS_EMBED_SWIFT_STANDARD_LIBRARIES = YES;
				CODE_SIGN_STYLE = Automatic;
				DEVELOPMENT_TEAM = HUE763S54R;
				INFOPLIST_FILE = nxtBookUITests/Info.plist;
				LD_RUNPATH_SEARCH_PATHS = (
					"$(inherited)",
					"@executable_path/Frameworks",
					"@loader_path/Frameworks",
				);
				PRODUCT_BUNDLE_IDENTIFIER = com.aatifjiwani.nxtBookUITests;
				PRODUCT_NAME = "$(TARGET_NAME)";
				SWIFT_VERSION = 4.0;
				TARGETED_DEVICE_FAMILY = "1,2";
				TEST_TARGET_NAME = nxtBook;
			};
			name = Release;
		};
/* End XCBuildConfiguration section */

/* Begin XCConfigurationList section */
		39A191B021600E2600D6786C /* Build configuration list for PBXProject "nxtBook" */ = {
			isa = XCConfigurationList;
			buildConfigurations = (
				39A191DB21600E2600D6786C /* Debug */,
				39A191DC21600E2600D6786C /* Release */,
			);
			defaultConfigurationIsVisible = 0;
			defaultConfigurationName = Release;
		};
		39A191DD21600E2600D6786C /* Build configuration list for PBXNativeTarget "nxtBook" */ = {
			isa = XCConfigurationList;
			buildConfigurations = (
				39A191DE21600E2600D6786C /* Debug */,
				39A191DF21600E2600D6786C /* Release */,
			);
			defaultConfigurationIsVisible = 0;
			defaultConfigurationName = Release;
		};
		39A191E021600E2600D6786C /* Build configuration list for PBXNativeTarget "nxtBookTests" */ = {
			isa = XCConfigurationList;
			buildConfigurations = (
				39A191E121600E2600D6786C /* Debug */,
				39A191E221600E2600D6786C /* Release */,
			);
			defaultConfigurationIsVisible = 0;
			defaultConfigurationName = Release;
		};
		39A191E321600E2600D6786C /* Build configuration list for PBXNativeTarget "nxtBookUITests" */ = {
			isa = XCConfigurationList;
			buildConfigurations = (
				39A191E421600E2600D6786C /* Debug */,
				39A191E521600E2600D6786C /* Release */,
			);
			defaultConfigurationIsVisible = 0;
			defaultConfigurationName = Release;
		};
/* End XCConfigurationList section */
	};
	rootObject = 39A191AD21600E2600D6786C /* Project object */;
}
